
Microsoft Visual Studio Solution File, Format Version 12.00
# Visual Studio Version 17
VisualStudioVersion = 17.9.34728.123
MinimumVisualStudioVersion = 10.0.40219.1
Project("{FAE04EC0-301F-11D3-BF4B-00C04F79EFBC}") = "Rating Game", "Rating Game.csproj", "{956FC660-17AA-4982-BDBC-0028EFDD2658}"
EndProject
Global
	GlobalSection(SolutionConfigurationPlatforms) = preSolution
		Debug|Any CPU = Debug|Any CPU
		Release|Any CPU = Release|Any CPU
	EndGlobalSection
	GlobalSection(ProjectConfigurationPlatforms) = postSolution
		{956FC660-17AA-4982-BDBC-0028EFDD2658}.Debug|Any CPU.ActiveCfg = Debug|Any CPU
		{956FC660-17AA-4982-BDBC-0028EFDD2658}.Debug|Any CPU.Build.0 = Debug|Any CPU
		{956FC660-17AA-4982-BDBC-0028EFDD2658}.Release|Any CPU.ActiveCfg = Release|Any CPU
		{956FC660-17AA-4982-BDBC-0028EFDD2658}.Release|Any CPU.Build.0 = Release|Any CPU
	EndGlobalSection
	GlobalSection(SolutionProperties) = preSolution
		HideSolutionNode = FALSE
	EndGlobalSection
	GlobalSection(ExtensibilityGlobals) = postSolution
		SolutionGuid = {5283EC34-3A34-490A-8F4B-EABCA64EE000}
	EndGlobalSection
EndGlobal
